{
  "name": "user_initializer",
  "version": "1.0.0",
  "lockfileVersion": 3,
  "requires": true,
  "packages": {
    "": {
      "name": "user_initializer",
      "version": "1.0.0",
      "license": "ISC",
      "devDependencies": {
        "@types/aws-lambda": "^8.10.126",
        "@types/node": "^20.11.0",
        "typescript": "^5.2.2"
      }
    },
    "node_modules/@types/aws-lambda": {
      "version": "8.10.131",
      "resolved": "https://registry.npmjs.org/@types/aws-lambda/-/aws-lambda-8.10.131.tgz",
      "integrity": "sha512-IWmFpqnVDvskYWnNSiu/qlRn80XlIOU0Gy5rKCl/NjhnI95pV8qIHs6L5b+bpHhyzuOSzjLgBcwgFSXrC1nZWA==",
      "dev": true
    },
    "node_modules/@types/node": {
      "version": "20.11.0",
      "resolved": "https://registry.npmjs.org/@types/node/-/node-20.11.0.tgz",
      "integrity": "sha512-o9bjXmDNcF7GbM4CNQpmi+TutCgap/K3w1JyKgxAjqx41zp9qlIAVFi0IhCNsJcXolEqLWhbFbEeL0PvYm4pcQ==",
      "dev": true,
      "dependencies": {
        "undici-types": "~5.26.4"
      }
    },
    "node_modules/typescript": {
      "version": "5.3.3",
      "resolved": "https://registry.npmjs.org/typescript/-/typescript-5.3.3.tgz",
      "integrity": "sha512-pXWcraxM0uxAS+tN0AG/BF2TyqmHO014Z070UsJ+pFvYuRSq8KH8DmWpnbXe0pEPDHXZV3FcAbJkijJ5oNEnWw==",
      "dev": true,
      "bin": {
        "tsc": "bin/tsc",
        "tsserver": "bin/tsserver"
      },
      "engines": {
        "node": ">=14.17"
      }
    },
    "node_modules/undici-types": {
      "version": "5.26.5",
      "resolved": "https://registry.npmjs.org/undici-types/-/undici-types-5.26.5.tgz",
      "integrity": "sha512-JlCMO+ehdEIKqlFxk6IfVoAUVmgz7cU7zD/h9XZ0qzeosSHmUJVOzSQvvYSYWXkFXC+IfLKSIffhv0sVZup6pA==",
      "dev": true
    }
  }
}
